{
  "name": "corp-site",
  "version": "1.0.0",
  "lockfileVersion": 3,
  "requires": true,
  "packages": {
    "": {
      "name": "corp-site",
      "version": "1.0.0",
      "license": "ISC",
      "dependencies": {
        "@fontsource/anton": "^5.2.7",
        "@fontsource/jetbrains-mono": "^5.2.8",
        "gsap": "^3.12.7"
      }
    },
    "node_modules/@fontsource/anton": {
      "version": "5.2.7",
      "resolved": "https://registry.npmjs.org/@fontsource/anton/-/anton-5.2.7.tgz",
      "integrity": "sha512-fiPl7Kx0HC50Ws2uRkNC+QLVK8xPFUB9E+IxFdSA6tbNTZWe7HOq8IxYqkERIzsIBvYj6nrU+7uNMUM9vNLxig==",
      "license": "OFL-1.1",
      "funding": {
        "url": "https://github.com/sponsors/ayuhito"
      }
    },
    "node_modules/@fontsource/jetbrains-mono": {
      "version": "5.2.8",
      "resolved": "https://registry.npmjs.org/@fontsource/jetbrains-mono/-/jetbrains-mono-5.2.8.tgz",
      "integrity": "sha512-6w8/SG4kqvIMu7xd7wt6x3idn1Qux3p9N62s6G3rfldOUYHpWcc2FKrqf+Vo44jRvqWj2oAtTHrZXEP23oSKwQ==",
      "license": "OFL-1.1",
      "funding": {
        "url": "https://github.com/sponsors/ayuhito"
      }
    },
    "node_modules/gsap": {
      "version": "3.12.7",
      "resolved": "https://registry.npmjs.org/gsap/-/gsap-3.12.7.tgz",
      "integrity": "sha512-V4GsyVamhmKefvcAKaoy0h6si0xX7ogwBoBSs2CTJwt7luW0oZzC0LhdkyuKV8PJAXr7Yaj8pMjCKD4GJ+eEMg==",
      "license": "Standard 'no charge' license: https://gsap.com/standard-license. Club GSAP members get more: https://gsap.com/licensing/. Why GreenSock doesn't employ an MIT license: https://gsap.com/why-license/"
    }
  }
}
